
Microsoft Visual Studio Solution File, Format Version 12.00
# Visual Studio Version 17
VisualStudioVersion = 17.7.34202.233
MinimumVisualStudioVersion = 10.0.40219.1
Project("{FAE04EC0-301F-11D3-BF4B-00C04F79EFBC}") = "human", "human\human.csproj", "{47363021-46D8-4605-92B4-899A38264E94}"
EndProject
Global
	GlobalSection(SolutionConfigurationPlatforms) = preSolution
		Debug|Any CPU = Debug|Any CPU
		Release|Any CPU = Release|Any CPU
	EndGlobalSection
	GlobalSection(ProjectConfigurationPlatforms) = postSolution
		{47363021-46D8-4605-92B4-899A38264E94}.Debug|Any CPU.ActiveCfg = Debug|Any CPU
		{47363021-46D8-4605-92B4-899A38264E94}.Debug|Any CPU.Build.0 = Debug|Any CPU
		{47363021-46D8-4605-92B4-899A38264E94}.Release|Any CPU.ActiveCfg = Release|Any CPU
		{47363021-46D8-4605-92B4-899A38264E94}.Release|Any CPU.Build.0 = Release|Any CPU
	EndGlobalSection
	GlobalSection(SolutionProperties) = preSolution
		HideSolutionNode = FALSE
	EndGlobalSection
	GlobalSection(ExtensibilityGlobals) = postSolution
		SolutionGuid = {246B743D-FC59-4A8A-83F5-5AC7EF23DA58}
	EndGlobalSection
EndGlobal
